
Microsoft Visual Studio Solution File, Format Version 12.00
# Visual Studio Version 17
VisualStudioVersion = 17.5.002.0
MinimumVisualStudioVersion = 10.0.40219.1
Project("{9A19103F-16F7-4668-BE54-9A1E7A4F7556}") = "Library", "Library\Library.csproj", "{96D1B895-1027-4D9E-A652-B0F7B4C1A4DF}"
EndProject
Project("{9A19103F-16F7-4668-BE54-9A1E7A4F7556}") = "Program", "Program\Program.csproj", "{BB36C37B-BE32-479D-94E7-9A211A4B3BC1}"
EndProject
Project("{FAE04EC0-301F-11D3-BF4B-00C04F79EFBC}") = "Library.Tests", "..\tests\Library.Tests\Library.Tests.csproj", "{644DE410-4755-483D-A70E-E3265D292554}"
EndProject
Global
	GlobalSection(SolutionConfigurationPlatforms) = preSolution
		Debug|Any CPU = Debug|Any CPU
		Release|Any CPU = Release|Any CPU
	EndGlobalSection
	GlobalSection(ProjectConfigurationPlatforms) = postSolution
		{96D1B895-1027-4D9E-A652-B0F7B4C1A4DF}.Debug|Any CPU.ActiveCfg = Debug|Any CPU
		{96D1B895-1027-4D9E-A652-B0F7B4C1A4DF}.Debug|Any CPU.Build.0 = Debug|Any CPU
		{96D1B895-1027-4D9E-A652-B0F7B4C1A4DF}.Release|Any CPU.ActiveCfg = Release|Any CPU
		{96D1B895-1027-4D9E-A652-B0F7B4C1A4DF}.Release|Any CPU.Build.0 = Release|Any CPU
		{BB36C37B-BE32-479D-94E7-9A211A4B3BC1}.Debug|Any CPU.ActiveCfg = Debug|Any CPU
		{BB36C37B-BE32-479D-94E7-9A211A4B3BC1}.Debug|Any CPU.Build.0 = Debug|Any CPU
		{BB36C37B-BE32-479D-94E7-9A211A4B3BC1}.Release|Any CPU.ActiveCfg = Release|Any CPU
		{BB36C37B-BE32-479D-94E7-9A211A4B3BC1}.Release|Any CPU.Build.0 = Release|Any CPU
		{644DE410-4755-483D-A70E-E3265D292554}.Debug|Any CPU.ActiveCfg = Debug|Any CPU
		{644DE410-4755-483D-A70E-E3265D292554}.Debug|Any CPU.Build.0 = Debug|Any CPU
		{644DE410-4755-483D-A70E-E3265D292554}.Release|Any CPU.ActiveCfg = Release|Any CPU
		{644DE410-4755-483D-A70E-E3265D292554}.Release|Any CPU.Build.0 = Release|Any CPU
	EndGlobalSection
	GlobalSection(SolutionProperties) = preSolution
		HideSolutionNode = FALSE
	EndGlobalSection
	GlobalSection(ExtensibilityGlobals) = postSolution
		SolutionGuid = {BCE91B19-B457-440C-A154-E934C2BA6525}
	EndGlobalSection
EndGlobal
